
Microsoft Visual Studio Solution File, Format Version 12.00
# Visual Studio Version 17
VisualStudioVersion = 17.8.34330.188
MinimumVisualStudioVersion = 10.0.40219.1
Project("{9A19103F-16F7-4668-BE54-9A1E7A4F7556}") = "ConsoleUI", "ConsoleUI\ConsoleUI.csproj", "{EDFFA1A3-2D38-4928-9A45-BC2CF3FE15A6}"
EndProject
Project("{9A19103F-16F7-4668-BE54-9A1E7A4F7556}") = "Entities", "Entities\Entities.csproj", "{B38973F9-C359-46EE-A52E-DAEACC957ECE}"
EndProject
Project("{9A19103F-16F7-4668-BE54-9A1E7A4F7556}") = "DataAccess", "DataAccess\DataAccess.csproj", "{975621CC-0639-43CB-BB0A-1906EBBD7248}"
EndProject
Project("{9A19103F-16F7-4668-BE54-9A1E7A4F7556}") = "Core", "Core\Core.csproj", "{ED8BDB6E-FEB4-466B-BFC3-4DEE7581C6B5}"
EndProject
Project("{9A19103F-16F7-4668-BE54-9A1E7A4F7556}") = "Business", "Business\Business.csproj", "{AFB945F5-D304-4416-8DD8-43E99D892AFC}"
EndProject
Project("{FAE04EC0-301F-11D3-BF4B-00C04F79EFBC}") = "WebAPI", "WebAPI\WebAPI.csproj", "{305491C8-D8D5-4F23-A912-2C0C6716E58F}"
EndProject
Global
	GlobalSection(SolutionConfigurationPlatforms) = preSolution
		Debug|Any CPU = Debug|Any CPU
		Release|Any CPU = Release|Any CPU
	EndGlobalSection
	GlobalSection(ProjectConfigurationPlatforms) = postSolution
		{EDFFA1A3-2D38-4928-9A45-BC2CF3FE15A6}.Debug|Any CPU.ActiveCfg = Debug|Any CPU
		{EDFFA1A3-2D38-4928-9A45-BC2CF3FE15A6}.Debug|Any CPU.Build.0 = Debug|Any CPU
		{EDFFA1A3-2D38-4928-9A45-BC2CF3FE15A6}.Release|Any CPU.ActiveCfg = Release|Any CPU
		{EDFFA1A3-2D38-4928-9A45-BC2CF3FE15A6}.Release|Any CPU.Build.0 = Release|Any CPU
		{B38973F9-C359-46EE-A52E-DAEACC957ECE}.Debug|Any CPU.ActiveCfg = Debug|Any CPU
		{B38973F9-C359-46EE-A52E-DAEACC957ECE}.Debug|Any CPU.Build.0 = Debug|Any CPU
		{B38973F9-C359-46EE-A52E-DAEACC957ECE}.Release|Any CPU.ActiveCfg = Release|Any CPU
		{B38973F9-C359-46EE-A52E-DAEACC957ECE}.Release|Any CPU.Build.0 = Release|Any CPU
		{975621CC-0639-43CB-BB0A-1906EBBD7248}.Debug|Any CPU.ActiveCfg = Debug|Any CPU
		{975621CC-0639-43CB-BB0A-1906EBBD7248}.Debug|Any CPU.Build.0 = Debug|Any CPU
		{975621CC-0639-43CB-BB0A-1906EBBD7248}.Release|Any CPU.ActiveCfg = Release|Any CPU
		{975621CC-0639-43CB-BB0A-1906EBBD7248}.Release|Any CPU.Build.0 = Release|Any CPU
		{ED8BDB6E-FEB4-466B-BFC3-4DEE7581C6B5}.Debug|Any CPU.ActiveCfg = Debug|Any CPU
		{ED8BDB6E-FEB4-466B-BFC3-4DEE7581C6B5}.Debug|Any CPU.Build.0 = Debug|Any CPU
		{ED8BDB6E-FEB4-466B-BFC3-4DEE7581C6B5}.Release|Any CPU.ActiveCfg = Release|Any CPU
		{ED8BDB6E-FEB4-466B-BFC3-4DEE7581C6B5}.Release|Any CPU.Build.0 = Release|Any CPU
		{AFB945F5-D304-4416-8DD8-43E99D892AFC}.Debug|Any CPU.ActiveCfg = Debug|Any CPU
		{AFB945F5-D304-4416-8DD8-43E99D892AFC}.Debug|Any CPU.Build.0 = Debug|Any CPU
		{AFB945F5-D304-4416-8DD8-43E99D892AFC}.Release|Any CPU.ActiveCfg = Release|Any CPU
		{AFB945F5-D304-4416-8DD8-43E99D892AFC}.Release|Any CPU.Build.0 = Release|Any CPU
		{305491C8-D8D5-4F23-A912-2C0C6716E58F}.Debug|Any CPU.ActiveCfg = Debug|Any CPU
		{305491C8-D8D5-4F23-A912-2C0C6716E58F}.Debug|Any CPU.Build.0 = Debug|Any CPU
		{305491C8-D8D5-4F23-A912-2C0C6716E58F}.Release|Any CPU.ActiveCfg = Release|Any CPU
		{305491C8-D8D5-4F23-A912-2C0C6716E58F}.Release|Any CPU.Build.0 = Release|Any CPU
	EndGlobalSection
	GlobalSection(SolutionProperties) = preSolution
		HideSolutionNode = FALSE
	EndGlobalSection
	GlobalSection(ExtensibilityGlobals) = postSolution
		SolutionGuid = {AF9EDAC6-6463-4965-A046-CAB9AEC800AB}
	EndGlobalSection
EndGlobal
